
Microsoft Visual Studio Solution File, Format Version 12.00
# Visual Studio 2013
VisualStudioVersion = 12.0.30501.0
MinimumVisualStudioVersion = 10.0.40219.1
Project("{FAE04EC0-301F-11D3-BF4B-00C04F79EFBC}") = "PROG5ASSESMENT", "PROG5ASSESMENT\PROG5ASSESMENT.csproj", "{8D848D6D-BF67-4A6B-878D-6677A1A11FA6}"
EndProject
Project("{FAE04EC0-301F-11D3-BF4B-00C04F79EFBC}") = "DomainModel", "DomainModel\DomainModel.csproj", "{65B7B69A-7428-4FA6-A870-E6A35ECD48E9}"
EndProject
Project("{FAE04EC0-301F-11D3-BF4B-00C04F79EFBC}") = "PROG5UNITTESTS", "PROG5UNITTESTS\PROG5UNITTESTS.csproj", "{30800895-9F21-406C-91C5-834D92B7D40D}"
EndProject
Global
	GlobalSection(SolutionConfigurationPlatforms) = preSolution
		Debug|Any CPU = Debug|Any CPU
		Release|Any CPU = Release|Any CPU
	EndGlobalSection
	GlobalSection(ProjectConfigurationPlatforms) = postSolution
		{8D848D6D-BF67-4A6B-878D-6677A1A11FA6}.Debug|Any CPU.ActiveCfg = Debug|Any CPU
		{8D848D6D-BF67-4A6B-878D-6677A1A11FA6}.Debug|Any CPU.Build.0 = Debug|Any CPU
		{8D848D6D-BF67-4A6B-878D-6677A1A11FA6}.Release|Any CPU.ActiveCfg = Release|Any CPU
		{8D848D6D-BF67-4A6B-878D-6677A1A11FA6}.Release|Any CPU.Build.0 = Release|Any CPU
		{65B7B69A-7428-4FA6-A870-E6A35ECD48E9}.Debug|Any CPU.ActiveCfg = Debug|Any CPU
		{65B7B69A-7428-4FA6-A870-E6A35ECD48E9}.Debug|Any CPU.Build.0 = Debug|Any CPU
		{65B7B69A-7428-4FA6-A870-E6A35ECD48E9}.Release|Any CPU.ActiveCfg = Release|Any CPU
		{65B7B69A-7428-4FA6-A870-E6A35ECD48E9}.Release|Any CPU.Build.0 = Release|Any CPU
		{30800895-9F21-406C-91C5-834D92B7D40D}.Debug|Any CPU.ActiveCfg = Debug|Any CPU
		{30800895-9F21-406C-91C5-834D92B7D40D}.Debug|Any CPU.Build.0 = Debug|Any CPU
		{30800895-9F21-406C-91C5-834D92B7D40D}.Release|Any CPU.ActiveCfg = Release|Any CPU
		{30800895-9F21-406C-91C5-834D92B7D40D}.Release|Any CPU.Build.0 = Release|Any CPU
	EndGlobalSection
	GlobalSection(SolutionProperties) = preSolution
		HideSolutionNode = FALSE
	EndGlobalSection
EndGlobal
